// !$*UTF8*$!
{
	archiveVersion = 1;
	classes = {
	};
	objectVersion = 50;
	objects = {

/* Begin PBXBuildFile section */
		75ED9BFD2702C53500BF750A /* AppDelegate.swift in Sources */ = {isa = PBXBuildFile; fileRef = 75ED9BFC2702C53500BF750A /* AppDelegate.swift */; };
		75ED9BFF2702C53500BF750A /* SceneDelegate.swift in Sources */ = {isa = PBXBuildFile; fileRef = 75ED9BFE2702C53500BF750A /* SceneDelegate.swift */; };
		75ED9C012702C53500BF750A /* ViewController.swift in Sources */ = {isa = PBXBuildFile; fileRef = 75ED9C002702C53500BF750A /* ViewController.swift */; };
		75ED9C042702C53500BF750A /* Main.storyboard in Resources */ = {isa = PBXBuildFile; fileRef = 75ED9C022702C53500BF750A /* Main.storyboard */; };
		75ED9C062702C53800BF750A /* Assets.xcassets in Resources */ = {isa = PBXBuildFile; fileRef = 75ED9C052702C53800BF750A /* Assets.xcassets */; };
		75ED9C092702C53800BF750A /* LaunchScreen.storyboard in Resources */ = {isa = PBXBuildFile; fileRef = 75ED9C072702C53800BF750A /* LaunchScreen.storyboard */; };
		75ED9C1B2702E26E00BF750A /* RepoCollectionViewCell.swift in Sources */ = {isa = PBXBuildFile; fileRef = 75ED9C192702E26E00BF750A /* RepoCollectionViewCell.swift */; };
		75ED9C1C2702E26E00BF750A /* RepoCollectionViewCell.xib in Resources */ = {isa = PBXBuildFile; fileRef = 75ED9C1A2702E26E00BF750A /* RepoCollectionViewCell.xib */; };
		75ED9C27270301C800BF750A /* Repository.swift in Sources */ = {isa = PBXBuildFile; fileRef = 75ED9C26270301C800BF750A /* Repository.swift */; };
/* End PBXBuildFile section */

/* Begin PBXFileReference section */
		75ED9BF92702C53500BF750A /* ProjectOKHome.app */ = {isa = PBXFileReference; explicitFileType = wrapper.application; includeInIndex = 0; path = ProjectOKHome.app; sourceTree = BUILT_PRODUCTS_DIR; };
		75ED9BFC2702C53500BF750A /* AppDelegate.swift */ = {isa = PBXFileReference; lastKnownFileType = sourcecode.swift; path = AppDelegate.swift; sourceTree = "<group>"; };
		75ED9BFE2702C53500BF750A /* SceneDelegate.swift */ = {isa = PBXFileReference; lastKnownFileType = sourcecode.swift; path = SceneDelegate.swift; sourceTree = "<group>"; };
		75ED9C002702C53500BF750A /* ViewController.swift */ = {isa = PBXFileReference; lastKnownFileType = sourcecode.swift; path = ViewController.swift; sourceTree = "<group>"; };
		75ED9C032702C53500BF750A /* Base */ = {isa = PBXFileReference; lastKnownFileType = file.storyboard; name = Base; path = Base.lproj/Main.storyboard; sourceTree = "<group>"; };
		75ED9C052702C53800BF750A /* Assets.xcassets */ = {isa = PBXFileReference; lastKnownFileType = folder.assetcatalog; path = Assets.xcassets; sourceTree = "<group>"; };
		75ED9C082702C53800BF750A /* Base */ = {isa = PBXFileReference; lastKnownFileType = file.storyboard; name = Base; path = Base.lproj/LaunchScreen.storyboard; sourceTree = "<group>"; };
		75ED9C0A2702C53800BF750A /* Info.plist */ = {isa = PBXFileReference; lastKnownFileType = text.plist.xml; path = Info.plist; sourceTree = "<group>"; };
		75ED9C192702E26E00BF750A /* RepoCollectionViewCell.swift */ = {isa = PBXFileReference; lastKnownFileType = sourcecode.swift; path = RepoCollectionViewCell.swift; sourceTree = "<group>"; };
		75ED9C1A2702E26E00BF750A /* RepoCollectionViewCell.xib */ = {isa = PBXFileReference; lastKnownFileType = file.xib; path = RepoCollectionViewCell.xib; sourceTree = "<group>"; };
		75ED9C26270301C800BF750A /* Repository.swift */ = {isa = PBXFileReference; lastKnownFileType = sourcecode.swift; path = Repository.swift; sourceTree = "<group>"; };
/* End PBXFileReference section */

/* Begin PBXFrameworksBuildPhase section */
		75ED9BF62702C53500BF750A /* Frameworks */ = {
			isa = PBXFrameworksBuildPhase;
			buildActionMask = 2147483647;
			files = (
			);
			runOnlyForDeploymentPostprocessing = 0;
		};
/* End PBXFrameworksBuildPhase section */

/* Begin PBXGroup section */
		75ED9BF02702C53500BF750A = {
			isa = PBXGroup;
			children = (
				75ED9BFB2702C53500BF750A /* ProjectOKHome */,
				75ED9BFA2702C53500BF750A /* Products */,
			);
			sourceTree = "<group>";
		};
		75ED9BFA2702C53500BF750A /* Products */ = {
			isa = PBXGroup;
			children = (
				75ED9BF92702C53500BF750A /* ProjectOKHome.app */,
			);
			name = Products;
			sourceTree = "<group>";
		};
		75ED9BFB2702C53500BF750A /* ProjectOKHome */ = {
			isa = PBXGroup;
			children = (
				75ED9BFC2702C53500BF750A /* AppDelegate.swift */,
				75ED9C202703018600BF750A /* Model */,
				75ED9BFE2702C53500BF750A /* SceneDelegate.swift */,
				75ED9C122702E0E500BF750A /* MainView */,
				75ED9C052702C53800BF750A /* Assets.xcassets */,
				75ED9C072702C53800BF750A /* LaunchScreen.storyboard */,
				75ED9C0A2702C53800BF750A /* Info.plist */,
			);
			path = ProjectOKHome;
			sourceTree = "<group>";
		};
		75ED9C122702E0E500BF750A /* MainView */ = {
			isa = PBXGroup;
			children = (
				75ED9C132702E0F500BF750A /* RepoCollectionViewCell */,
				75ED9C022702C53500BF750A /* Main.storyboard */,
				75ED9C002702C53500BF750A /* ViewController.swift */,
			);
			path = MainView;
			sourceTree = "<group>";
		};
		75ED9C132702E0F500BF750A /* RepoCollectionViewCell */ = {
			isa = PBXGroup;
			children = (
				75ED9C192702E26E00BF750A /* RepoCollectionViewCell.swift */,
				75ED9C1A2702E26E00BF750A /* RepoCollectionViewCell.xib */,
			);
			path = RepoCollectionViewCell;
			sourceTree = "<group>";
		};
		75ED9C202703018600BF750A /* Model */ = {
			isa = PBXGroup;
			children = (
				75ED9C26270301C800BF750A /* Repository.swift */,
			);
			path = Model;
			sourceTree = "<group>";
		};
/* End PBXGroup section */

/* Begin PBXNativeTarget section */
		75ED9BF82702C53500BF750A /* ProjectOKHome */ = {
			isa = PBXNativeTarget;
			buildConfigurationList = 75ED9C0D2702C53800BF750A /* Build configuration list for PBXNativeTarget "ProjectOKHome" */;
			buildPhases = (
				75ED9BF52702C53500BF750A /* Sources */,
				75ED9BF62702C53500BF750A /* Frameworks */,
				75ED9BF72702C53500BF750A /* Resources */,
			);
			buildRules = (
			);
			dependencies = (
			);
			name = ProjectOKHome;
			productName = ProjectOKHome;
			productReference = 75ED9BF92702C53500BF750A /* ProjectOKHome.app */;
			productType = "com.apple.product-type.application";
		};
/* End PBXNativeTarget section */

/* Begin PBXProject section */
		75ED9BF12702C53500BF750A /* Project object */ = {
			isa = PBXProject;
			attributes = {
				LastSwiftUpdateCheck = 1240;
				LastUpgradeCheck = 1240;
				TargetAttributes = {
					75ED9BF82702C53500BF750A = {
						CreatedOnToolsVersion = 12.4;
					};
				};
			};
			buildConfigurationList = 75ED9BF42702C53500BF750A /* Build configuration list for PBXProject "ProjectOKHome" */;
			compatibilityVersion = "Xcode 9.3";
			developmentRegion = en;
			hasScannedForEncodings = 0;
			knownRegions = (
				en,
				Base,
			);
			mainGroup = 75ED9BF02702C53500BF750A;
			productRefGroup = 75ED9BFA2702C53500BF750A /* Products */;
			projectDirPath = "";
			projectRoot = "";
			targets = (
				75ED9BF82702C53500BF750A /* ProjectOKHome */,
			);
		};
/* End PBXProject section */

/* Begin PBXResourcesBuildPhase section */
		75ED9BF72702C53500BF750A /* Resources */ = {
			isa = PBXResourcesBuildPhase;
			buildActionMask = 2147483647;
			files = (
				75ED9C1C2702E26E00BF750A /* RepoCollectionViewCell.xib in Resources */,
				75ED9C092702C53800BF750A /* LaunchScreen.storyboard in Resources */,
				75ED9C062702C53800BF750A /* Assets.xcassets in Resources */,
				75ED9C042702C53500BF750A /* Main.storyboard in Resources */,
			);
			runOnlyForDeploymentPostprocessing = 0;
		};
/* End PBXResourcesBuildPhase section */

/* Begin PBXSourcesBuildPhase section */
		75ED9BF52702C53500BF750A /* Sources */ = {
			isa = PBXSourcesBuildPhase;
			buildActionMask = 2147483647;
			files = (
				75ED9C1B2702E26E00BF750A /* RepoCollectionViewCell.swift in Sources */,
				75ED9C012702C53500BF750A /* ViewController.swift in Sources */,
				75ED9C27270301C800BF750A /* Repository.swift in Sources */,
				75ED9BFD2702C53500BF750A /* AppDelegate.swift in Sources */,
				75ED9BFF2702C53500BF750A /* SceneDelegate.swift in Sources */,
			);
			runOnlyForDeploymentPostprocessing = 0;
		};
/* End PBXSourcesBuildPhase section */

/* Begin PBXVariantGroup section */
		75ED9C022702C53500BF750A /* Main.storyboard */ = {
			isa = PBXVariantGroup;
			children = (
				75ED9C032702C53500BF750A /* Base */,
			);
			name = Main.storyboard;
			sourceTree = "<group>";
		};
		75ED9C072702C53800BF750A /* LaunchScreen.storyboard */ = {
			isa = PBXVariantGroup;
			children = (
				75ED9C082702C53800BF750A /* Base */,
			);
			name = LaunchScreen.storyboard;
			sourceTree = "<group>";
		};
/* End PBXVariantGroup section */

/* Begin XCBuildConfiguration section */
		75ED9C0B2702C53800BF750A /* Debug */ = {
			isa = XCBuildConfiguration;
			buildSettings = {
				ALWAYS_SEARCH_USER_PATHS = NO;
				CLANG_ANALYZER_NONNULL = YES;
				CLANG_ANALYZER_NUMBER_OBJECT_CONVERSION = YES_AGGRESSIVE;
				CLANG_CXX_LANGUAGE_STANDARD = "gnu++14";
				CLANG_CXX_LIBRARY = "libc++";
				CLANG_ENABLE_MODULES = YES;
				CLANG_ENABLE_OBJC_ARC = YES;
				CLANG_ENABLE_OBJC_WEAK = YES;
				CLANG_WARN_BLOCK_CAPTURE_AUTORELEASING = YES;
				CLANG_WARN_BOOL_CONVERSION = YES;
				CLANG_WARN_COMMA = YES;
				CLANG_WARN_CONSTANT_CONVERSION = YES;
				CLANG_WARN_DEPRECATED_OBJC_IMPLEMENTATIONS = YES;
				CLANG_WARN_DIRECT_OBJC_ISA_USAGE = YES_ERROR;
				CLANG_WARN_DOCUMENTATION_COMMENTS = YES;
				CLANG_WARN_EMPTY_BODY = YES;
				CLANG_WARN_ENUM_CONVERSION = YES;
				CLANG_WARN_INFINITE_RECURSION = YES;
				CLANG_WARN_INT_CONVERSION = YES;
				CLANG_WARN_NON_LITERAL_NULL_CONVERSION = YES;
				CLANG_WARN_OBJC_IMPLICIT_RETAIN_SELF = YES;
				CLANG_WARN_OBJC_LITERAL_CONVERSION = YES;
				CLANG_WARN_OBJC_ROOT_CLASS = YES_ERROR;
				CLANG_WARN_QUOTED_INCLUDE_IN_FRAMEWORK_HEADER = YES;
				CLANG_WARN_RANGE_LOOP_ANALYSIS = YES;
				CLANG_WARN_STRICT_PROTOTYPES = YES;
				CLANG_WARN_SUSPICIOUS_MOVE = YES;
				CLANG_WARN_UNGUARDED_AVAILABILITY = YES_AGGRESSIVE;
				CLANG_WARN_UNREACHABLE_CODE = YES;
				CLANG_WARN__DUPLICATE_METHOD_MATCH = YES;
				COPY_PHASE_STRIP = NO;
				DEBUG_INFORMATION_FORMAT = dwarf;
				ENABLE_STRICT_OBJC_MSGSEND = YES;
				ENABLE_TESTABILITY = YES;
				GCC_C_LANGUAGE_STANDARD = gnu11;
				GCC_DYNAMIC_NO_PIC = NO;
				GCC_NO_COMMON_BLOCKS = YES;
				GCC_OPTIMIZATION_LEVEL = 0;
				GCC_PREPROCESSOR_DEFINITIONS = (
					"DEBUG=1",
					"$(inherited)",
				);
				GCC_WARN_64_TO_32_BIT_CONVERSION = YES;
				GCC_WARN_ABOUT_RETURN_TYPE = YES_ERROR;
				GCC_WARN_UNDECLARED_SELECTOR = YES;
				GCC_WARN_UNINITIALIZED_AUTOS = YES_AGGRESSIVE;
				GCC_WARN_UNUSED_FUNCTION = YES;
				GCC_WARN_UNUSED_VARIABLE = YES;
				IPHONEOS_DEPLOYMENT_TARGET = 14.4;
				MTL_ENABLE_DEBUG_INFO = INCLUDE_SOURCE;
				MTL_FAST_MATH = YES;
				ONLY_ACTIVE_ARCH = YES;
				SDKROOT = iphoneos;
				SWIFT_ACTIVE_COMPILATION_CONDITIONS = DEBUG;
				SWIFT_OPTIMIZATION_LEVEL = "-Onone";
			};
			name = Debug;
		};
		75ED9C0C2702C53800BF750A /* Release */ = {
			isa = XCBuildConfiguration;
			buildSettings = {
				ALWAYS_SEARCH_USER_PATHS = NO;
				CLANG_ANALYZER_NONNULL = YES;
				CLANG_ANALYZER_NUMBER_OBJECT_CONVERSION = YES_AGGRESSIVE;
				CLANG_CXX_LANGUAGE_STANDARD = "gnu++14";
				CLANG_CXX_LIBRARY = "libc++";
				CLANG_ENABLE_MODULES = YES;
				CLANG_ENABLE_OBJC_ARC = YES;
				CLANG_ENABLE_OBJC_WEAK = YES;
				CLANG_WARN_BLOCK_CAPTURE_AUTORELEASING = YES;
				CLANG_WARN_BOOL_CONVERSION = YES;
				CLANG_WARN_COMMA = YES;
				CLANG_WARN_CONSTANT_CONVERSION = YES;
				CLANG_WARN_DEPRECATED_OBJC_IMPLEMENTATIONS = YES;
				CLANG_WARN_DIRECT_OBJC_ISA_USAGE = YES_ERROR;
				CLANG_WARN_DOCUMENTATION_COMMENTS = YES;
				CLANG_WARN_EMPTY_BODY = YES;
				CLANG_WARN_ENUM_CONVERSION = YES;
				CLANG_WARN_INFINITE_RECURSION = YES;
				CLANG_WARN_INT_CONVERSION = YES;
				CLANG_WARN_NON_LITERAL_NULL_CONVERSION = YES;
				CLANG_WARN_OBJC_IMPLICIT_RETAIN_SELF = YES;
				CLANG_WARN_OBJC_LITERAL_CONVERSION = YES;
				CLANG_WARN_OBJC_ROOT_CLASS = YES_ERROR;
				CLANG_WARN_QUOTED_INCLUDE_IN_FRAMEWORK_HEADER = YES;
				CLANG_WARN_RANGE_LOOP_ANALYSIS = YES;
				CLANG_WARN_STRICT_PROTOTYPES = YES;
				CLANG_WARN_SUSPICIOUS_MOVE = YES;
				CLANG_WARN_UNGUARDED_AVAILABILITY = YES_AGGRESSIVE;
				CLANG_WARN_UNREACHABLE_CODE = YES;
				CLANG_WARN__DUPLICATE_METHOD_MATCH = YES;
				COPY_PHASE_STRIP = NO;
				DEBUG_INFORMATION_FORMAT = "dwarf-with-dsym";
				ENABLE_NS_ASSERTIONS = NO;
				ENABLE_STRICT_OBJC_MSGSEND = YES;
				GCC_C_LANGUAGE_STANDARD = gnu11;
				GCC_NO_COMMON_BLOCKS = YES;
				GCC_WARN_64_TO_32_BIT_CONVERSION = YES;
				GCC_WARN_ABOUT_RETURN_TYPE = YES_ERROR;
				GCC_WARN_UNDECLARED_SELECTOR = YES;
				GCC_WARN_UNINITIALIZED_AUTOS = YES_AGGRESSIVE;
				GCC_WARN_UNUSED_FUNCTION = YES;
				GCC_WARN_UNUSED_VARIABLE = YES;
				IPHONEOS_DEPLOYMENT_TARGET = 14.4;
				MTL_ENABLE_DEBUG_INFO = NO;
				MTL_FAST_MATH = YES;
				SDKROOT = iphoneos;
				SWIFT_COMPILATION_MODE = wholemodule;
				SWIFT_OPTIMIZATION_LEVEL = "-O";
				VALIDATE_PRODUCT = YES;
			};
			name = Release;
		};
		75ED9C0E2702C53800BF750A /* Debug */ = {
			isa = XCBuildConfiguration;
			buildSettings = {
				ASSETCATALOG_COMPILER_APPICON_NAME = AppIcon;
				ASSETCATALOG_COMPILER_GLOBAL_ACCENT_COLOR_NAME = AccentColor;
				CODE_SIGN_STYLE = Automatic;
				DEVELOPMENT_TEAM = Z9N2TD73TY;
				INFOPLIST_FILE = ProjectOKHome/Info.plist;
				LD_RUNPATH_SEARCH_PATHS = (
					"$(inherited)",
					"@executable_path/Frameworks",
				);
				PRODUCT_BUNDLE_IDENTIFIER = projectnomana.ProjectOKHome;
				PRODUCT_NAME = "$(TARGET_NAME)";
				SWIFT_VERSION = 5.0;
				TARGETED_DEVICE_FAMILY = "1,2";
			};
			name = Debug;
		};
		75ED9C0F2702C53800BF750A /* Release */ = {
			isa = XCBuildConfiguration;
			buildSettings = {
				ASSETCATALOG_COMPILER_APPICON_NAME = AppIcon;
				ASSETCATALOG_COMPILER_GLOBAL_ACCENT_COLOR_NAME = AccentColor;
				CODE_SIGN_STYLE = Automatic;
				DEVELOPMENT_TEAM = Z9N2TD73TY;
				INFOPLIST_FILE = ProjectOKHome/Info.plist;
				LD_RUNPATH_SEARCH_PATHS = (
					"$(inherited)",
					"@executable_path/Frameworks",
				);
				PRODUCT_BUNDLE_IDENTIFIER = projectnomana.ProjectOKHome;
				PRODUCT_NAME = "$(TARGET_NAME)";
				SWIFT_VERSION = 5.0;
				TARGETED_DEVICE_FAMILY = "1,2";
			};
			name = Release;
		};
/* End XCBuildConfiguration section */

/* Begin XCConfigurationList section */
		75ED9BF42702C53500BF750A /* Build configuration list for PBXProject "ProjectOKHome" */ = {
			isa = XCConfigurationList;
			buildConfigurations = (
				75ED9C0B2702C53800BF750A /* Debug */,
				75ED9C0C2702C53800BF750A /* Release */,
			);
			defaultConfigurationIsVisible = 0;
			defaultConfigurationName = Release;
		};
		75ED9C0D2702C53800BF750A /* Build configuration list for PBXNativeTarget "ProjectOKHome" */ = {
			isa = XCConfigurationList;
			buildConfigurations = (
				75ED9C0E2702C53800BF750A /* Debug */,
				75ED9C0F2702C53800BF750A /* Release */,
			);
			defaultConfigurationIsVisible = 0;
			defaultConfigurationName = Release;
		};
/* End XCConfigurationList section */
	};
	rootObject = 75ED9BF12702C53500BF750A /* Project object */;
}
